
Microsoft Visual Studio Solution File, Format Version 9.00
# Visual Studio 2005
Project("{FAE04EC0-301F-11D3-BF4B-00C04F79EFBC}") = "RouteGraphSolver", "RGSolver\RouteGraphSolver.csproj", "{CD2120A6-969A-4F7C-B9ED-3083FAFB263B}"
EndProject
Project("{FAE04EC0-301F-11D3-BF4B-00C04F79EFBC}") = "dkxce.Route.Shp2Rt", "dkxce.Route.Shp2Rt\dkxce.Route.Shp2Rt.csproj", "{D74D414F-7F88-4C32-8E8C-32D279C52C97}"
EndProject
Project("{FAE04EC0-301F-11D3-BF4B-00C04F79EFBC}") = "dkxce.Route.Classes", "dkxce.Route.Classes\dkxce.Route.Classes.csproj", "{EC4656C9-C870-40B0-A393-3D96A13BE134}"
EndProject
Project("{FAE04EC0-301F-11D3-BF4B-00C04F79EFBC}") = "dkxce.Route.GSolver", "dkxce.Route.GSolver\dkxce.Route.GSolver.csproj", "{12BC9004-07AA-4A63-BDCD-3ED34E0E09F9}"
EndProject
Project("{FAE04EC0-301F-11D3-BF4B-00C04F79EFBC}") = "dkxce.Route.Regions", "dkxce.Route.Regions\dkxce.Route.Regions.csproj", "{346379C1-E711-4D67-AFC6-73690DF177E3}"
EndProject
Project("{FAE04EC0-301F-11D3-BF4B-00C04F79EFBC}") = "dkxce.Route.PointNLL", "dkxce.Route.PointNLL\dkxce.Route.PointNLL.csproj", "{A071AFC1-91B1-4D85-A315-7A563FCF89B4}"
EndProject
Project("{FAE04EC0-301F-11D3-BF4B-00C04F79EFBC}") = "dkxce.Route.Matrix", "dkxce.Route.Matrix\dkxce.Route.Matrix.csproj", "{5CB2D087-B3C1-4F42-9EA6-65D61BDF8AFF}"
EndProject
Project("{FAE04EC0-301F-11D3-BF4B-00C04F79EFBC}") = "dkxce.Route.WayList", "dkxce.Route.WayList\dkxce.Route.WayList.csproj", "{8BDFB9DC-DB1F-491D-88DF-E6112FCACFDC}"
EndProject
Project("{FAE04EC0-301F-11D3-BF4B-00C04F79EFBC}") = "dkxce.Route.ISolver", "dkxce.Route.ISolver\dkxce.Route.ISolver.csproj", "{BB49850E-A9E4-4464-BF82-AAFE647A8860}"
EndProject
Project("{FAE04EC0-301F-11D3-BF4B-00C04F79EFBC}") = "RouteMapTest", "TEST_MAP\RouteMapTest.csproj", "{7C76A22C-0E09-4513-B931-A18D6BBFC615}"
EndProject
Project("{FAE04EC0-301F-11D3-BF4B-00C04F79EFBC}") = "dkxce.Route.ServiceSolver", "dkxce.Route.ServiceSolver\dkxce.Route.ServiceSolver.csproj", "{C7B3FF98-D586-472C-9EC3-BA5CFA15FDEB}"
EndProject
Project("{FAE04EC0-301F-11D3-BF4B-00C04F79EFBC}") = "RouteGraphCreator", "RouteGraphCreator\RouteGraphCreator.csproj", "{937C1718-7B0B-48A6-8200-DAA7486D90B8}"
EndProject
Project("{FAE04EC0-301F-11D3-BF4B-00C04F79EFBC}") = "RouteGraphCalcRG", "RouteGraphCalcRG\RouteGraphCalcRG.csproj", "{9F0C10CD-A68C-4CE3-9C84-89D66B24AD7D}"
EndProject
Project("{FAE04EC0-301F-11D3-BF4B-00C04F79EFBC}") = "RouteGraphBatcher", "RouteGraphBatcher\RouteGraphBatcher.csproj", "{2CC5E4D5-99B3-49C4-BEC8-5818CD19B425}"
EndProject
Project("{FAE04EC0-301F-11D3-BF4B-00C04F79EFBC}") = "RouteGraphCalcMatrix", "RouteGraphCalcMatrix\RouteGraphCalcMatrix.csproj", "{ACA0760C-FC85-42D6-A045-5E8635D78070}"
EndProject
Project("{FAE04EC0-301F-11D3-BF4B-00C04F79EFBC}") = "RGWay2RTE", "RGWay2RTE\RGWay2RTE.csproj", "{635AA6B9-81CD-4438-B250-A65E77B18B84}"
EndProject
Project("{FAE04EC0-301F-11D3-BF4B-00C04F79EFBC}") = "nmsRoutesWebTest", "nmsRoutesWebTest\nmsRoutesWebTest.csproj", "{4D4CA899-99B6-48BE-B2F9-CB6D7B183C9D}"
EndProject
Project("{FAE04EC0-301F-11D3-BF4B-00C04F79EFBC}") = "nmsRoutesDirectCall", "nmsRoutesDirectCall\nmsRoutesDirectCall.csproj", "{B1328D46-FE16-49DF-87B1-01A14C8D0C3C}"
EndProject
Project("{FAE04EC0-301F-11D3-BF4B-00C04F79EFBC}") = "WorkingLoadTest", "WorkingLoadTest\WorkingLoadTest.csproj", "{E13B927B-9519-4111-A897-DD8DD8CC88F5}"
EndProject
Project("{FAE04EC0-301F-11D3-BF4B-00C04F79EFBC}") = "XMLSaved", "XMLSaved\XMLSaved.csproj", "{B985AC95-1479-4677-9536-ABC1D34B5862}"
EndProject
Project("{FAE04EC0-301F-11D3-BF4B-00C04F79EFBC}") = "SSKeySys", "SSKeySys\SSKeySys.csproj", "{271AC25C-80D4-4F12-98B8-D19B81DFA251}"
EndProject
Project("{FAE04EC0-301F-11D3-BF4B-00C04F79EFBC}") = "SSProtector", "SSProtector\SSProtector.csproj", "{6EC063BF-E500-4E86-902D-04349485E3AD}"
EndProject
Project("{FAE04EC0-301F-11D3-BF4B-00C04F79EFBC}") = "ShapesMerger", "ShapesMerger\ShapesMerger.csproj", "{818BA52B-47A1-4CD6-9694-56AA388822A5}"
EndProject
Project("{FAE04EC0-301F-11D3-BF4B-00C04F79EFBC}") = "ShapesPolygonsExtractor", "ShapesPolygonsExtractor\ShapesPolygonsExtractor.csproj", "{93E84F02-9531-47CB-9FE6-9D88B6A263E1}"
EndProject
Project("{FAE04EC0-301F-11D3-BF4B-00C04F79EFBC}") = "ShapesBBox2Regions", "ShapesBBox2Regions\ShapesBBox2Regions.csproj", "{5FE98417-EDFD-4343-8E0B-849E51628360}"
EndProject
Project("{FAE04EC0-301F-11D3-BF4B-00C04F79EFBC}") = "RouteServiceState", "RouteServiceState\RouteServiceState.csproj", "{A1A4A3F7-C9AB-40A9-9DAF-ED38AB9FF6D5}"
EndProject
Project("{FAE04EC0-301F-11D3-BF4B-00C04F79EFBC}") = "RoutesKeyGen", "RoutesKeyGen\RoutesKeyGen.csproj", "{9CF67CBD-8AAE-4922-A027-EC5C629D9753}"
EndProject
Project("{FAE04EC0-301F-11D3-BF4B-00C04F79EFBC}") = "Syslib", "Syslib\Syslib.csproj", "{46715A67-B134-473C-ACE4-EF6AA1C0E688}"
EndProject
Global
	GlobalSection(SolutionConfigurationPlatforms) = preSolution
		Debug|Any CPU = Debug|Any CPU
		Debug|x64 = Debug|x64
		Debug|x86 = Debug|x86
		Release|Any CPU = Release|Any CPU
		Release|x64 = Release|x64
		Release|x86 = Release|x86
	EndGlobalSection
	GlobalSection(ProjectConfigurationPlatforms) = postSolution
		{CD2120A6-969A-4F7C-B9ED-3083FAFB263B}.Debug|Any CPU.ActiveCfg = Debug|Any CPU
		{CD2120A6-969A-4F7C-B9ED-3083FAFB263B}.Debug|Any CPU.Build.0 = Debug|Any CPU
		{CD2120A6-969A-4F7C-B9ED-3083FAFB263B}.Debug|x64.ActiveCfg = Debug|Any CPU
		{CD2120A6-969A-4F7C-B9ED-3083FAFB263B}.Debug|x86.ActiveCfg = Debug|Any CPU
		{CD2120A6-969A-4F7C-B9ED-3083FAFB263B}.Release|Any CPU.ActiveCfg = Release|Any CPU
		{CD2120A6-969A-4F7C-B9ED-3083FAFB263B}.Release|Any CPU.Build.0 = Release|Any CPU
		{CD2120A6-969A-4F7C-B9ED-3083FAFB263B}.Release|x64.ActiveCfg = Release|Any CPU
		{CD2120A6-969A-4F7C-B9ED-3083FAFB263B}.Release|x86.ActiveCfg = Release|Any CPU
		{D74D414F-7F88-4C32-8E8C-32D279C52C97}.Debug|Any CPU.ActiveCfg = Debug|Any CPU
		{D74D414F-7F88-4C32-8E8C-32D279C52C97}.Debug|Any CPU.Build.0 = Debug|Any CPU
		{D74D414F-7F88-4C32-8E8C-32D279C52C97}.Debug|x64.ActiveCfg = Debug|Any CPU
		{D74D414F-7F88-4C32-8E8C-32D279C52C97}.Debug|x86.ActiveCfg = Debug|Any CPU
		{D74D414F-7F88-4C32-8E8C-32D279C52C97}.Release|Any CPU.ActiveCfg = Release|Any CPU
		{D74D414F-7F88-4C32-8E8C-32D279C52C97}.Release|Any CPU.Build.0 = Release|Any CPU
		{D74D414F-7F88-4C32-8E8C-32D279C52C97}.Release|x64.ActiveCfg = Release|Any CPU
		{D74D414F-7F88-4C32-8E8C-32D279C52C97}.Release|x86.ActiveCfg = Release|Any CPU
		{EC4656C9-C870-40B0-A393-3D96A13BE134}.Debug|Any CPU.ActiveCfg = Debug|Any CPU
		{EC4656C9-C870-40B0-A393-3D96A13BE134}.Debug|Any CPU.Build.0 = Debug|Any CPU
		{EC4656C9-C870-40B0-A393-3D96A13BE134}.Debug|x64.ActiveCfg = Debug|Any CPU
		{EC4656C9-C870-40B0-A393-3D96A13BE134}.Debug|x86.ActiveCfg = Debug|Any CPU
		{EC4656C9-C870-40B0-A393-3D96A13BE134}.Release|Any CPU.ActiveCfg = Release|Any CPU
		{EC4656C9-C870-40B0-A393-3D96A13BE134}.Release|Any CPU.Build.0 = Release|Any CPU
		{EC4656C9-C870-40B0-A393-3D96A13BE134}.Release|x64.ActiveCfg = Release|Any CPU
		{EC4656C9-C870-40B0-A393-3D96A13BE134}.Release|x86.ActiveCfg = Release|Any CPU
		{12BC9004-07AA-4A63-BDCD-3ED34E0E09F9}.Debug|Any CPU.ActiveCfg = Debug|Any CPU
		{12BC9004-07AA-4A63-BDCD-3ED34E0E09F9}.Debug|Any CPU.Build.0 = Debug|Any CPU
		{12BC9004-07AA-4A63-BDCD-3ED34E0E09F9}.Debug|x64.ActiveCfg = Debug|Any CPU
		{12BC9004-07AA-4A63-BDCD-3ED34E0E09F9}.Debug|x86.ActiveCfg = Debug|Any CPU
		{12BC9004-07AA-4A63-BDCD-3ED34E0E09F9}.Release|Any CPU.ActiveCfg = Release|Any CPU
		{12BC9004-07AA-4A63-BDCD-3ED34E0E09F9}.Release|Any CPU.Build.0 = Release|Any CPU
		{12BC9004-07AA-4A63-BDCD-3ED34E0E09F9}.Release|x64.ActiveCfg = Release|Any CPU
		{12BC9004-07AA-4A63-BDCD-3ED34E0E09F9}.Release|x86.ActiveCfg = Release|Any CPU
		{346379C1-E711-4D67-AFC6-73690DF177E3}.Debug|Any CPU.ActiveCfg = Debug|Any CPU
		{346379C1-E711-4D67-AFC6-73690DF177E3}.Debug|Any CPU.Build.0 = Debug|Any CPU
		{346379C1-E711-4D67-AFC6-73690DF177E3}.Debug|x64.ActiveCfg = Debug|Any CPU
		{346379C1-E711-4D67-AFC6-73690DF177E3}.Debug|x86.ActiveCfg = Debug|Any CPU
		{346379C1-E711-4D67-AFC6-73690DF177E3}.Release|Any CPU.ActiveCfg = Release|Any CPU
		{346379C1-E711-4D67-AFC6-73690DF177E3}.Release|Any CPU.Build.0 = Release|Any CPU
		{346379C1-E711-4D67-AFC6-73690DF177E3}.Release|x64.ActiveCfg = Release|Any CPU
		{346379C1-E711-4D67-AFC6-73690DF177E3}.Release|x86.ActiveCfg = Release|Any CPU
		{A071AFC1-91B1-4D85-A315-7A563FCF89B4}.Debug|Any CPU.ActiveCfg = Debug|Any CPU
		{A071AFC1-91B1-4D85-A315-7A563FCF89B4}.Debug|Any CPU.Build.0 = Debug|Any CPU
		{A071AFC1-91B1-4D85-A315-7A563FCF89B4}.Debug|x64.ActiveCfg = Debug|Any CPU
		{A071AFC1-91B1-4D85-A315-7A563FCF89B4}.Debug|x86.ActiveCfg = Debug|Any CPU
		{A071AFC1-91B1-4D85-A315-7A563FCF89B4}.Release|Any CPU.ActiveCfg = Release|Any CPU
		{A071AFC1-91B1-4D85-A315-7A563FCF89B4}.Release|Any CPU.Build.0 = Release|Any CPU
		{A071AFC1-91B1-4D85-A315-7A563FCF89B4}.Release|x64.ActiveCfg = Release|Any CPU
		{A071AFC1-91B1-4D85-A315-7A563FCF89B4}.Release|x86.ActiveCfg = Release|Any CPU
		{5CB2D087-B3C1-4F42-9EA6-65D61BDF8AFF}.Debug|Any CPU.ActiveCfg = Debug|Any CPU
		{5CB2D087-B3C1-4F42-9EA6-65D61BDF8AFF}.Debug|Any CPU.Build.0 = Debug|Any CPU
		{5CB2D087-B3C1-4F42-9EA6-65D61BDF8AFF}.Debug|x64.ActiveCfg = Debug|Any CPU
		{5CB2D087-B3C1-4F42-9EA6-65D61BDF8AFF}.Debug|x86.ActiveCfg = Debug|Any CPU
		{5CB2D087-B3C1-4F42-9EA6-65D61BDF8AFF}.Release|Any CPU.ActiveCfg = Release|Any CPU
		{5CB2D087-B3C1-4F42-9EA6-65D61BDF8AFF}.Release|Any CPU.Build.0 = Release|Any CPU
		{5CB2D087-B3C1-4F42-9EA6-65D61BDF8AFF}.Release|x64.ActiveCfg = Release|Any CPU
		{5CB2D087-B3C1-4F42-9EA6-65D61BDF8AFF}.Release|x86.ActiveCfg = Release|Any CPU
		{8BDFB9DC-DB1F-491D-88DF-E6112FCACFDC}.Debug|Any CPU.ActiveCfg = Debug|Any CPU
		{8BDFB9DC-DB1F-491D-88DF-E6112FCACFDC}.Debug|Any CPU.Build.0 = Debug|Any CPU
		{8BDFB9DC-DB1F-491D-88DF-E6112FCACFDC}.Debug|x64.ActiveCfg = Debug|Any CPU
		{8BDFB9DC-DB1F-491D-88DF-E6112FCACFDC}.Debug|x86.ActiveCfg = Debug|Any CPU
		{8BDFB9DC-DB1F-491D-88DF-E6112FCACFDC}.Release|Any CPU.ActiveCfg = Release|Any CPU
		{8BDFB9DC-DB1F-491D-88DF-E6112FCACFDC}.Release|Any CPU.Build.0 = Release|Any CPU
		{8BDFB9DC-DB1F-491D-88DF-E6112FCACFDC}.Release|x64.ActiveCfg = Release|Any CPU
		{8BDFB9DC-DB1F-491D-88DF-E6112FCACFDC}.Release|x86.ActiveCfg = Release|Any CPU
		{BB49850E-A9E4-4464-BF82-AAFE647A8860}.Debug|Any CPU.ActiveCfg = Debug|Any CPU
		{BB49850E-A9E4-4464-BF82-AAFE647A8860}.Debug|Any CPU.Build.0 = Debug|Any CPU
		{BB49850E-A9E4-4464-BF82-AAFE647A8860}.Debug|x64.ActiveCfg = Debug|Any CPU
		{BB49850E-A9E4-4464-BF82-AAFE647A8860}.Debug|x86.ActiveCfg = Debug|Any CPU
		{BB49850E-A9E4-4464-BF82-AAFE647A8860}.Release|Any CPU.ActiveCfg = Release|Any CPU
		{BB49850E-A9E4-4464-BF82-AAFE647A8860}.Release|Any CPU.Build.0 = Release|Any CPU
		{BB49850E-A9E4-4464-BF82-AAFE647A8860}.Release|x64.ActiveCfg = Release|Any CPU
		{BB49850E-A9E4-4464-BF82-AAFE647A8860}.Release|x86.ActiveCfg = Release|Any CPU
		{7C76A22C-0E09-4513-B931-A18D6BBFC615}.Debug|Any CPU.ActiveCfg = Debug|Any CPU
		{7C76A22C-0E09-4513-B931-A18D6BBFC615}.Debug|Any CPU.Build.0 = Debug|Any CPU
		{7C76A22C-0E09-4513-B931-A18D6BBFC615}.Debug|x64.ActiveCfg = Debug|Any CPU
		{7C76A22C-0E09-4513-B931-A18D6BBFC615}.Debug|x86.ActiveCfg = Debug|Any CPU
		{7C76A22C-0E09-4513-B931-A18D6BBFC615}.Release|Any CPU.ActiveCfg = Release|Any CPU
		{7C76A22C-0E09-4513-B931-A18D6BBFC615}.Release|Any CPU.Build.0 = Release|Any CPU
		{7C76A22C-0E09-4513-B931-A18D6BBFC615}.Release|x64.ActiveCfg = Release|Any CPU
		{7C76A22C-0E09-4513-B931-A18D6BBFC615}.Release|x86.ActiveCfg = Release|Any CPU
		{C7B3FF98-D586-472C-9EC3-BA5CFA15FDEB}.Debug|Any CPU.ActiveCfg = Debug|Any CPU
		{C7B3FF98-D586-472C-9EC3-BA5CFA15FDEB}.Debug|Any CPU.Build.0 = Debug|Any CPU
		{C7B3FF98-D586-472C-9EC3-BA5CFA15FDEB}.Debug|x64.ActiveCfg = Debug|Any CPU
		{C7B3FF98-D586-472C-9EC3-BA5CFA15FDEB}.Debug|x86.ActiveCfg = Debug|Any CPU
		{C7B3FF98-D586-472C-9EC3-BA5CFA15FDEB}.Release|Any CPU.ActiveCfg = Release|Any CPU
		{C7B3FF98-D586-472C-9EC3-BA5CFA15FDEB}.Release|Any CPU.Build.0 = Release|Any CPU
		{C7B3FF98-D586-472C-9EC3-BA5CFA15FDEB}.Release|x64.ActiveCfg = Release|Any CPU
		{C7B3FF98-D586-472C-9EC3-BA5CFA15FDEB}.Release|x86.ActiveCfg = Release|Any CPU
		{937C1718-7B0B-48A6-8200-DAA7486D90B8}.Debug|Any CPU.ActiveCfg = Debug|Any CPU
		{937C1718-7B0B-48A6-8200-DAA7486D90B8}.Debug|Any CPU.Build.0 = Debug|Any CPU
		{937C1718-7B0B-48A6-8200-DAA7486D90B8}.Debug|x64.ActiveCfg = Debug|Any CPU
		{937C1718-7B0B-48A6-8200-DAA7486D90B8}.Debug|x86.ActiveCfg = Debug|Any CPU
		{937C1718-7B0B-48A6-8200-DAA7486D90B8}.Release|Any CPU.ActiveCfg = Release|Any CPU
		{937C1718-7B0B-48A6-8200-DAA7486D90B8}.Release|Any CPU.Build.0 = Release|Any CPU
		{937C1718-7B0B-48A6-8200-DAA7486D90B8}.Release|x64.ActiveCfg = Release|Any CPU
		{937C1718-7B0B-48A6-8200-DAA7486D90B8}.Release|x86.ActiveCfg = Release|Any CPU
		{9F0C10CD-A68C-4CE3-9C84-89D66B24AD7D}.Debug|Any CPU.ActiveCfg = Debug|Any CPU
		{9F0C10CD-A68C-4CE3-9C84-89D66B24AD7D}.Debug|Any CPU.Build.0 = Debug|Any CPU
		{9F0C10CD-A68C-4CE3-9C84-89D66B24AD7D}.Debug|x64.ActiveCfg = Debug|Any CPU
		{9F0C10CD-A68C-4CE3-9C84-89D66B24AD7D}.Debug|x86.ActiveCfg = Debug|Any CPU
		{9F0C10CD-A68C-4CE3-9C84-89D66B24AD7D}.Release|Any CPU.ActiveCfg = Release|Any CPU
		{9F0C10CD-A68C-4CE3-9C84-89D66B24AD7D}.Release|Any CPU.Build.0 = Release|Any CPU
		{9F0C10CD-A68C-4CE3-9C84-89D66B24AD7D}.Release|x64.ActiveCfg = Release|Any CPU
		{9F0C10CD-A68C-4CE3-9C84-89D66B24AD7D}.Release|x86.ActiveCfg = Release|Any CPU
		{2CC5E4D5-99B3-49C4-BEC8-5818CD19B425}.Debug|Any CPU.ActiveCfg = Debug|Any CPU
		{2CC5E4D5-99B3-49C4-BEC8-5818CD19B425}.Debug|Any CPU.Build.0 = Debug|Any CPU
		{2CC5E4D5-99B3-49C4-BEC8-5818CD19B425}.Debug|x64.ActiveCfg = Debug|Any CPU
		{2CC5E4D5-99B3-49C4-BEC8-5818CD19B425}.Debug|x86.ActiveCfg = Debug|Any CPU
		{2CC5E4D5-99B3-49C4-BEC8-5818CD19B425}.Release|Any CPU.ActiveCfg = Release|Any CPU
		{2CC5E4D5-99B3-49C4-BEC8-5818CD19B425}.Release|Any CPU.Build.0 = Release|Any CPU
		{2CC5E4D5-99B3-49C4-BEC8-5818CD19B425}.Release|x64.ActiveCfg = Release|Any CPU
		{2CC5E4D5-99B3-49C4-BEC8-5818CD19B425}.Release|x86.ActiveCfg = Release|Any CPU
		{ACA0760C-FC85-42D6-A045-5E8635D78070}.Debug|Any CPU.ActiveCfg = Debug|Any CPU
		{ACA0760C-FC85-42D6-A045-5E8635D78070}.Debug|Any CPU.Build.0 = Debug|Any CPU
		{ACA0760C-FC85-42D6-A045-5E8635D78070}.Debug|x64.ActiveCfg = Debug|Any CPU
		{ACA0760C-FC85-42D6-A045-5E8635D78070}.Debug|x86.ActiveCfg = Debug|Any CPU
		{ACA0760C-FC85-42D6-A045-5E8635D78070}.Release|Any CPU.ActiveCfg = Release|Any CPU
		{ACA0760C-FC85-42D6-A045-5E8635D78070}.Release|Any CPU.Build.0 = Release|Any CPU
		{ACA0760C-FC85-42D6-A045-5E8635D78070}.Release|x64.ActiveCfg = Release|Any CPU
		{ACA0760C-FC85-42D6-A045-5E8635D78070}.Release|x86.ActiveCfg = Release|Any CPU
		{635AA6B9-81CD-4438-B250-A65E77B18B84}.Debug|Any CPU.ActiveCfg = Debug|Any CPU
		{635AA6B9-81CD-4438-B250-A65E77B18B84}.Debug|Any CPU.Build.0 = Debug|Any CPU
		{635AA6B9-81CD-4438-B250-A65E77B18B84}.Debug|x64.ActiveCfg = Debug|Any CPU
		{635AA6B9-81CD-4438-B250-A65E77B18B84}.Debug|x86.ActiveCfg = Debug|Any CPU
		{635AA6B9-81CD-4438-B250-A65E77B18B84}.Release|Any CPU.ActiveCfg = Release|Any CPU
		{635AA6B9-81CD-4438-B250-A65E77B18B84}.Release|Any CPU.Build.0 = Release|Any CPU
		{635AA6B9-81CD-4438-B250-A65E77B18B84}.Release|x64.ActiveCfg = Release|Any CPU
		{635AA6B9-81CD-4438-B250-A65E77B18B84}.Release|x86.ActiveCfg = Release|Any CPU
		{4D4CA899-99B6-48BE-B2F9-CB6D7B183C9D}.Debug|Any CPU.ActiveCfg = Debug|Any CPU
		{4D4CA899-99B6-48BE-B2F9-CB6D7B183C9D}.Debug|Any CPU.Build.0 = Debug|Any CPU
		{4D4CA899-99B6-48BE-B2F9-CB6D7B183C9D}.Debug|x64.ActiveCfg = Debug|Any CPU
		{4D4CA899-99B6-48BE-B2F9-CB6D7B183C9D}.Debug|x86.ActiveCfg = Debug|Any CPU
		{4D4CA899-99B6-48BE-B2F9-CB6D7B183C9D}.Release|Any CPU.ActiveCfg = Release|Any CPU
		{4D4CA899-99B6-48BE-B2F9-CB6D7B183C9D}.Release|Any CPU.Build.0 = Release|Any CPU
		{4D4CA899-99B6-48BE-B2F9-CB6D7B183C9D}.Release|x64.ActiveCfg = Release|Any CPU
		{4D4CA899-99B6-48BE-B2F9-CB6D7B183C9D}.Release|x86.ActiveCfg = Release|Any CPU
		{B1328D46-FE16-49DF-87B1-01A14C8D0C3C}.Debug|Any CPU.ActiveCfg = Debug|Any CPU
		{B1328D46-FE16-49DF-87B1-01A14C8D0C3C}.Debug|Any CPU.Build.0 = Debug|Any CPU
		{B1328D46-FE16-49DF-87B1-01A14C8D0C3C}.Debug|x64.ActiveCfg = Debug|Any CPU
		{B1328D46-FE16-49DF-87B1-01A14C8D0C3C}.Debug|x86.ActiveCfg = Debug|Any CPU
		{B1328D46-FE16-49DF-87B1-01A14C8D0C3C}.Release|Any CPU.ActiveCfg = Release|Any CPU
		{B1328D46-FE16-49DF-87B1-01A14C8D0C3C}.Release|Any CPU.Build.0 = Release|Any CPU
		{B1328D46-FE16-49DF-87B1-01A14C8D0C3C}.Release|x64.ActiveCfg = Release|Any CPU
		{B1328D46-FE16-49DF-87B1-01A14C8D0C3C}.Release|x86.ActiveCfg = Release|Any CPU
		{E13B927B-9519-4111-A897-DD8DD8CC88F5}.Debug|Any CPU.ActiveCfg = Debug|Any CPU
		{E13B927B-9519-4111-A897-DD8DD8CC88F5}.Debug|Any CPU.Build.0 = Debug|Any CPU
		{E13B927B-9519-4111-A897-DD8DD8CC88F5}.Debug|x64.ActiveCfg = Debug|Any CPU
		{E13B927B-9519-4111-A897-DD8DD8CC88F5}.Debug|x86.ActiveCfg = Debug|Any CPU
		{E13B927B-9519-4111-A897-DD8DD8CC88F5}.Release|Any CPU.ActiveCfg = Release|Any CPU
		{E13B927B-9519-4111-A897-DD8DD8CC88F5}.Release|Any CPU.Build.0 = Release|Any CPU
		{E13B927B-9519-4111-A897-DD8DD8CC88F5}.Release|x64.ActiveCfg = Release|Any CPU
		{E13B927B-9519-4111-A897-DD8DD8CC88F5}.Release|x86.ActiveCfg = Release|Any CPU
		{B985AC95-1479-4677-9536-ABC1D34B5862}.Debug|Any CPU.ActiveCfg = Debug|Any CPU
		{B985AC95-1479-4677-9536-ABC1D34B5862}.Debug|Any CPU.Build.0 = Debug|Any CPU
		{B985AC95-1479-4677-9536-ABC1D34B5862}.Debug|x64.ActiveCfg = Debug|Any CPU
		{B985AC95-1479-4677-9536-ABC1D34B5862}.Debug|x86.ActiveCfg = Debug|Any CPU
		{B985AC95-1479-4677-9536-ABC1D34B5862}.Release|Any CPU.ActiveCfg = Release|Any CPU
		{B985AC95-1479-4677-9536-ABC1D34B5862}.Release|Any CPU.Build.0 = Release|Any CPU
		{B985AC95-1479-4677-9536-ABC1D34B5862}.Release|x64.ActiveCfg = Release|Any CPU
		{B985AC95-1479-4677-9536-ABC1D34B5862}.Release|x86.ActiveCfg = Release|Any CPU
		{271AC25C-80D4-4F12-98B8-D19B81DFA251}.Debug|Any CPU.ActiveCfg = Debug|Any CPU
		{271AC25C-80D4-4F12-98B8-D19B81DFA251}.Debug|Any CPU.Build.0 = Debug|Any CPU
		{271AC25C-80D4-4F12-98B8-D19B81DFA251}.Debug|x64.ActiveCfg = Debug|Any CPU
		{271AC25C-80D4-4F12-98B8-D19B81DFA251}.Debug|x86.ActiveCfg = Debug|Any CPU
		{271AC25C-80D4-4F12-98B8-D19B81DFA251}.Release|Any CPU.ActiveCfg = Release|Any CPU
		{271AC25C-80D4-4F12-98B8-D19B81DFA251}.Release|Any CPU.Build.0 = Release|Any CPU
		{271AC25C-80D4-4F12-98B8-D19B81DFA251}.Release|x64.ActiveCfg = Release|Any CPU
		{271AC25C-80D4-4F12-98B8-D19B81DFA251}.Release|x86.ActiveCfg = Release|Any CPU
		{6EC063BF-E500-4E86-902D-04349485E3AD}.Debug|Any CPU.ActiveCfg = Debug|Any CPU
		{6EC063BF-E500-4E86-902D-04349485E3AD}.Debug|Any CPU.Build.0 = Debug|Any CPU
		{6EC063BF-E500-4E86-902D-04349485E3AD}.Debug|x64.ActiveCfg = Debug|Any CPU
		{6EC063BF-E500-4E86-902D-04349485E3AD}.Debug|x86.ActiveCfg = Debug|Any CPU
		{6EC063BF-E500-4E86-902D-04349485E3AD}.Release|Any CPU.ActiveCfg = Release|Any CPU
		{6EC063BF-E500-4E86-902D-04349485E3AD}.Release|Any CPU.Build.0 = Release|Any CPU
		{6EC063BF-E500-4E86-902D-04349485E3AD}.Release|x64.ActiveCfg = Release|Any CPU
		{6EC063BF-E500-4E86-902D-04349485E3AD}.Release|x86.ActiveCfg = Release|Any CPU
		{818BA52B-47A1-4CD6-9694-56AA388822A5}.Debug|Any CPU.ActiveCfg = Debug|Any CPU
		{818BA52B-47A1-4CD6-9694-56AA388822A5}.Debug|Any CPU.Build.0 = Debug|Any CPU
		{818BA52B-47A1-4CD6-9694-56AA388822A5}.Debug|x64.ActiveCfg = Debug|Any CPU
		{818BA52B-47A1-4CD6-9694-56AA388822A5}.Debug|x86.ActiveCfg = Debug|Any CPU
		{818BA52B-47A1-4CD6-9694-56AA388822A5}.Release|Any CPU.ActiveCfg = Release|Any CPU
		{818BA52B-47A1-4CD6-9694-56AA388822A5}.Release|Any CPU.Build.0 = Release|Any CPU
		{818BA52B-47A1-4CD6-9694-56AA388822A5}.Release|x64.ActiveCfg = Release|Any CPU
		{818BA52B-47A1-4CD6-9694-56AA388822A5}.Release|x86.ActiveCfg = Release|Any CPU
		{93E84F02-9531-47CB-9FE6-9D88B6A263E1}.Debug|Any CPU.ActiveCfg = Debug|Any CPU
		{93E84F02-9531-47CB-9FE6-9D88B6A263E1}.Debug|Any CPU.Build.0 = Debug|Any CPU
		{93E84F02-9531-47CB-9FE6-9D88B6A263E1}.Debug|x64.ActiveCfg = Debug|Any CPU
		{93E84F02-9531-47CB-9FE6-9D88B6A263E1}.Debug|x86.ActiveCfg = Debug|Any CPU
		{93E84F02-9531-47CB-9FE6-9D88B6A263E1}.Release|Any CPU.ActiveCfg = Release|Any CPU
		{93E84F02-9531-47CB-9FE6-9D88B6A263E1}.Release|Any CPU.Build.0 = Release|Any CPU
		{93E84F02-9531-47CB-9FE6-9D88B6A263E1}.Release|x64.ActiveCfg = Release|Any CPU
		{93E84F02-9531-47CB-9FE6-9D88B6A263E1}.Release|x86.ActiveCfg = Release|Any CPU
		{5FE98417-EDFD-4343-8E0B-849E51628360}.Debug|Any CPU.ActiveCfg = Debug|Any CPU
		{5FE98417-EDFD-4343-8E0B-849E51628360}.Debug|Any CPU.Build.0 = Debug|Any CPU
		{5FE98417-EDFD-4343-8E0B-849E51628360}.Debug|x64.ActiveCfg = Debug|Any CPU
		{5FE98417-EDFD-4343-8E0B-849E51628360}.Debug|x86.ActiveCfg = Debug|Any CPU
		{5FE98417-EDFD-4343-8E0B-849E51628360}.Release|Any CPU.ActiveCfg = Release|Any CPU
		{5FE98417-EDFD-4343-8E0B-849E51628360}.Release|Any CPU.Build.0 = Release|Any CPU
		{5FE98417-EDFD-4343-8E0B-849E51628360}.Release|x64.ActiveCfg = Release|Any CPU
		{5FE98417-EDFD-4343-8E0B-849E51628360}.Release|x86.ActiveCfg = Release|Any CPU
		{A1A4A3F7-C9AB-40A9-9DAF-ED38AB9FF6D5}.Debug|Any CPU.ActiveCfg = Debug|Any CPU
		{A1A4A3F7-C9AB-40A9-9DAF-ED38AB9FF6D5}.Debug|Any CPU.Build.0 = Debug|Any CPU
		{A1A4A3F7-C9AB-40A9-9DAF-ED38AB9FF6D5}.Debug|x64.ActiveCfg = Debug|Any CPU
		{A1A4A3F7-C9AB-40A9-9DAF-ED38AB9FF6D5}.Debug|x86.ActiveCfg = Debug|Any CPU
		{A1A4A3F7-C9AB-40A9-9DAF-ED38AB9FF6D5}.Release|Any CPU.ActiveCfg = Release|Any CPU
		{A1A4A3F7-C9AB-40A9-9DAF-ED38AB9FF6D5}.Release|Any CPU.Build.0 = Release|Any CPU
		{A1A4A3F7-C9AB-40A9-9DAF-ED38AB9FF6D5}.Release|x64.ActiveCfg = Release|Any CPU
		{A1A4A3F7-C9AB-40A9-9DAF-ED38AB9FF6D5}.Release|x86.ActiveCfg = Release|Any CPU
		{9CF67CBD-8AAE-4922-A027-EC5C629D9753}.Debug|Any CPU.ActiveCfg = Debug|Any CPU
		{9CF67CBD-8AAE-4922-A027-EC5C629D9753}.Debug|Any CPU.Build.0 = Debug|Any CPU
		{9CF67CBD-8AAE-4922-A027-EC5C629D9753}.Debug|x64.ActiveCfg = Debug|Any CPU
		{9CF67CBD-8AAE-4922-A027-EC5C629D9753}.Debug|x86.ActiveCfg = Debug|Any CPU
		{9CF67CBD-8AAE-4922-A027-EC5C629D9753}.Release|Any CPU.ActiveCfg = Release|Any CPU
		{9CF67CBD-8AAE-4922-A027-EC5C629D9753}.Release|Any CPU.Build.0 = Release|Any CPU
		{9CF67CBD-8AAE-4922-A027-EC5C629D9753}.Release|x64.ActiveCfg = Release|Any CPU
		{9CF67CBD-8AAE-4922-A027-EC5C629D9753}.Release|x86.ActiveCfg = Release|Any CPU
		{46715A67-B134-473C-ACE4-EF6AA1C0E688}.Debug|Any CPU.ActiveCfg = Release|x86
		{46715A67-B134-473C-ACE4-EF6AA1C0E688}.Debug|Any CPU.Build.0 = Release|x86
		{46715A67-B134-473C-ACE4-EF6AA1C0E688}.Debug|x64.ActiveCfg = Debug|x64
		{46715A67-B134-473C-ACE4-EF6AA1C0E688}.Debug|x64.Build.0 = Debug|x64
		{46715A67-B134-473C-ACE4-EF6AA1C0E688}.Debug|x86.ActiveCfg = Debug|x86
		{46715A67-B134-473C-ACE4-EF6AA1C0E688}.Debug|x86.Build.0 = Debug|x86
		{46715A67-B134-473C-ACE4-EF6AA1C0E688}.Release|Any CPU.ActiveCfg = Release|Any CPU
		{46715A67-B134-473C-ACE4-EF6AA1C0E688}.Release|Any CPU.Build.0 = Release|Any CPU
		{46715A67-B134-473C-ACE4-EF6AA1C0E688}.Release|x64.ActiveCfg = Release|x64
		{46715A67-B134-473C-ACE4-EF6AA1C0E688}.Release|x64.Build.0 = Release|x64
		{46715A67-B134-473C-ACE4-EF6AA1C0E688}.Release|x86.ActiveCfg = Release|x86
		{46715A67-B134-473C-ACE4-EF6AA1C0E688}.Release|x86.Build.0 = Release|x86
	EndGlobalSection
	GlobalSection(SolutionProperties) = preSolution
		HideSolutionNode = FALSE
	EndGlobalSection
EndGlobal
